// !$*UTF8*$!
{
	archiveVersion = 1;
	classes = {
	};
	objectVersion = 46;
	objects = {

/* Begin PBXBuildFile section */
		4521A5121EFDB7940079662E /* Settings.swift in Sources */ = {isa = PBXBuildFile; fileRef = 4521A5111EFDB7940079662E /* Settings.swift */; };
		4521A5141EFDB82A0079662E /* SetActivityLevelViewController.swift in Sources */ = {isa = PBXBuildFile; fileRef = 4521A5131EFDB82A0079662E /* SetActivityLevelViewController.swift */; };
		4521A5161EFDBA9A0079662E /* SetActivityLevelCell.swift in Sources */ = {isa = PBXBuildFile; fileRef = 4521A5151EFDBA9A0079662E /* SetActivityLevelCell.swift */; };
		4521A5181EFDCBF90079662E /* SetUserInfoViewController.swift in Sources */ = {isa = PBXBuildFile; fileRef = 4521A5171EFDCBF90079662E /* SetUserInfoViewController.swift */; };
		4524F92D1F0482770012B568 /* CaloriesUtils.swift in Sources */ = {isa = PBXBuildFile; fileRef = 4524F92C1F0482770012B568 /* CaloriesUtils.swift */; };
		45267B751EFC8CFB0025E5AF /* DailyListCell.swift in Sources */ = {isa = PBXBuildFile; fileRef = 45267B741EFC8CFB0025E5AF /* DailyListCell.swift */; };
		45267B771EFC8E2F0025E5AF /* DailyListViewController.swift in Sources */ = {isa = PBXBuildFile; fileRef = 45267B761EFC8E2F0025E5AF /* DailyListViewController.swift */; };
		45267B791EFC8F180025E5AF /* Meal.swift in Sources */ = {isa = PBXBuildFile; fileRef = 45267B781EFC8F180025E5AF /* Meal.swift */; };
		45267B7B1EFC90D90025E5AF /* MealManager.swift in Sources */ = {isa = PBXBuildFile; fileRef = 45267B7A1EFC90D90025E5AF /* MealManager.swift */; };
		453C4BCF1EFB16C900FF4616 /* LogInViewController.swift in Sources */ = {isa = PBXBuildFile; fileRef = 453C4BCE1EFB16C900FF4616 /* LogInViewController.swift */; };
		453C4BD21EFB1A2E00FF4616 /* fontawesome-webfont.ttf in Resources */ = {isa = PBXBuildFile; fileRef = 453C4BD11EFB1A2E00FF4616 /* fontawesome-webfont.ttf */; };
		453C4BD41EFB427100FF4616 /* SignUpViewController.swift in Sources */ = {isa = PBXBuildFile; fileRef = 453C4BD31EFB427100FF4616 /* SignUpViewController.swift */; };
		455A0B8D1F16E832005BF6FD /* HistoricMealCell.swift in Sources */ = {isa = PBXBuildFile; fileRef = 455A0B8C1F16E832005BF6FD /* HistoricMealCell.swift */; };
		455A0B901F16EB27005BF6FD /* HistoricViewController.swift in Sources */ = {isa = PBXBuildFile; fileRef = 455A0B8F1F16EB27005BF6FD /* HistoricViewController.swift */; };
		457E4D151F0C8BDD00B5A111 /* UIViewControllerUtils.swift in Sources */ = {isa = PBXBuildFile; fileRef = 457E4D141F0C8BDD00B5A111 /* UIViewControllerUtils.swift */; };
		459801261EFB14230024B41B /* AppDelegate.swift in Sources */ = {isa = PBXBuildFile; fileRef = 459801251EFB14230024B41B /* AppDelegate.swift */; };
		459801281EFB14230024B41B /* ViewController.swift in Sources */ = {isa = PBXBuildFile; fileRef = 459801271EFB14230024B41B /* ViewController.swift */; };
		4598012B1EFB14230024B41B /* Main.storyboard in Resources */ = {isa = PBXBuildFile; fileRef = 459801291EFB14230024B41B /* Main.storyboard */; };
		4598012D1EFB14230024B41B /* Assets.xcassets in Resources */ = {isa = PBXBuildFile; fileRef = 4598012C1EFB14230024B41B /* Assets.xcassets */; };
		459801301EFB14230024B41B /* LaunchScreen.storyboard in Resources */ = {isa = PBXBuildFile; fileRef = 4598012E1EFB14230024B41B /* LaunchScreen.storyboard */; };
		45A3E9B51F03372500B8720F /* SetUserProfileViewController.swift in Sources */ = {isa = PBXBuildFile; fileRef = 45A3E9B41F03372500B8720F /* SetUserProfileViewController.swift */; };
		45A806421EFB4F46007ADA1C /* GoogleService-Info.plist in Resources */ = {isa = PBXBuildFile; fileRef = 45A806411EFB4F46007ADA1C /* GoogleService-Info.plist */; };
		45B354F51F0DE07100C383B6 /* Ingredient.swift in Sources */ = {isa = PBXBuildFile; fileRef = 45B354F41F0DE07100C383B6 /* Ingredient.swift */; };
		45B354F71F0DE11D00C383B6 /* MealList.swift in Sources */ = {isa = PBXBuildFile; fileRef = 45B354F61F0DE11D00C383B6 /* MealList.swift */; };
		45C455371EFC9C2700497005 /* SetGoalViewController.swift in Sources */ = {isa = PBXBuildFile; fileRef = 45C455361EFC9C2700497005 /* SetGoalViewController.swift */; };
		45C455391EFC9E7200497005 /* SetGoalCell.swift in Sources */ = {isa = PBXBuildFile; fileRef = 45C455381EFC9E7200497005 /* SetGoalCell.swift */; };
		45D87CB91F0848B900E5795E /* AddMealViewController.swift in Sources */ = {isa = PBXBuildFile; fileRef = 45D87CB81F0848B900E5795E /* AddMealViewController.swift */; };
		45D87CBB1F084EFB00E5795E /* IngredientCell.swift in Sources */ = {isa = PBXBuildFile; fileRef = 45D87CBA1F084EFB00E5795E /* IngredientCell.swift */; };
		45D87CBD1F08766A00E5795E /* UIViewUtils.swift in Sources */ = {isa = PBXBuildFile; fileRef = 45D87CBC1F08766A00E5795E /* UIViewUtils.swift */; };
		45D87CBF1F08845D00E5795E /* User.swift in Sources */ = {isa = PBXBuildFile; fileRef = 45D87CBE1F08845D00E5795E /* User.swift */; };
		45FD876C1EFEE4A60016088C /* ProfileViewController.swift in Sources */ = {isa = PBXBuildFile; fileRef = 45FD876B1EFEE4A60016088C /* ProfileViewController.swift */; };
		45FF60631F0AF8F60069DB9E /* Utils.swift in Sources */ = {isa = PBXBuildFile; fileRef = 45FF60621F0AF8F60069DB9E /* Utils.swift */; };
		F0536901A3C014E5B3428475 /* Pods_FitCal.framework in Frameworks */ = {isa = PBXBuildFile; fileRef = 92A3F94BE643FE4A4175FB27 /* Pods_FitCal.framework */; };
/* End PBXBuildFile section */

/* Begin PBXFileReference section */
		4521A5111EFDB7940079662E /* Settings.swift */ = {isa = PBXFileReference; fileEncoding = 4; lastKnownFileType = sourcecode.swift; path = Settings.swift; sourceTree = "<group>"; };
		4521A5131EFDB82A0079662E /* SetActivityLevelViewController.swift */ = {isa = PBXFileReference; fileEncoding = 4; lastKnownFileType = sourcecode.swift; path = SetActivityLevelViewController.swift; sourceTree = "<group>"; };
		4521A5151EFDBA9A0079662E /* SetActivityLevelCell.swift */ = {isa = PBXFileReference; fileEncoding = 4; lastKnownFileType = sourcecode.swift; path = SetActivityLevelCell.swift; sourceTree = "<group>"; };
		4521A5171EFDCBF90079662E /* SetUserInfoViewController.swift */ = {isa = PBXFileReference; fileEncoding = 4; lastKnownFileType = sourcecode.swift; path = SetUserInfoViewController.swift; sourceTree = "<group>"; };
		4524F92C1F0482770012B568 /* CaloriesUtils.swift */ = {isa = PBXFileReference; fileEncoding = 4; lastKnownFileType = sourcecode.swift; path = CaloriesUtils.swift; sourceTree = "<group>"; };
		45267B741EFC8CFB0025E5AF /* DailyListCell.swift */ = {isa = PBXFileReference; fileEncoding = 4; lastKnownFileType = sourcecode.swift; path = DailyListCell.swift; sourceTree = "<group>"; };
		45267B761EFC8E2F0025E5AF /* DailyListViewController.swift */ = {isa = PBXFileReference; fileEncoding = 4; lastKnownFileType = sourcecode.swift; path = DailyListViewController.swift; sourceTree = "<group>"; };
		45267B781EFC8F180025E5AF /* Meal.swift */ = {isa = PBXFileReference; fileEncoding = 4; lastKnownFileType = sourcecode.swift; path = Meal.swift; sourceTree = "<group>"; };
		45267B7A1EFC90D90025E5AF /* MealManager.swift */ = {isa = PBXFileReference; fileEncoding = 4; lastKnownFileType = sourcecode.swift; path = MealManager.swift; sourceTree = "<group>"; };
		453C4BCE1EFB16C900FF4616 /* LogInViewController.swift */ = {isa = PBXFileReference; fileEncoding = 4; lastKnownFileType = sourcecode.swift; path = LogInViewController.swift; sourceTree = "<group>"; };
		453C4BD11EFB1A2E00FF4616 /* fontawesome-webfont.ttf */ = {isa = PBXFileReference; lastKnownFileType = file; path = "fontawesome-webfont.ttf"; sourceTree = "<group>"; };
		453C4BD31EFB427100FF4616 /* SignUpViewController.swift */ = {isa = PBXFileReference; fileEncoding = 4; lastKnownFileType = sourcecode.swift; path = SignUpViewController.swift; sourceTree = "<group>"; };
		455A0B8C1F16E832005BF6FD /* HistoricMealCell.swift */ = {isa = PBXFileReference; fileEncoding = 4; lastKnownFileType = sourcecode.swift; path = HistoricMealCell.swift; sourceTree = "<group>"; };
		455A0B8F1F16EB27005BF6FD /* HistoricViewController.swift */ = {isa = PBXFileReference; fileEncoding = 4; lastKnownFileType = sourcecode.swift; path = HistoricViewController.swift; sourceTree = "<group>"; };
		457E4D141F0C8BDD00B5A111 /* UIViewControllerUtils.swift */ = {isa = PBXFileReference; fileEncoding = 4; lastKnownFileType = sourcecode.swift; path = UIViewControllerUtils.swift; sourceTree = "<group>"; };
		459801221EFB14230024B41B /* FitCal.app */ = {isa = PBXFileReference; explicitFileType = wrapper.application; includeInIndex = 0; path = FitCal.app; sourceTree = BUILT_PRODUCTS_DIR; };
		459801251EFB14230024B41B /* AppDelegate.swift */ = {isa = PBXFileReference; lastKnownFileType = sourcecode.swift; path = AppDelegate.swift; sourceTree = "<group>"; };
		459801271EFB14230024B41B /* ViewController.swift */ = {isa = PBXFileReference; lastKnownFileType = sourcecode.swift; path = ViewController.swift; sourceTree = "<group>"; };
		4598012A1EFB14230024B41B /* Base */ = {isa = PBXFileReference; lastKnownFileType = file.storyboard; name = Base; path = Base.lproj/Main.storyboard; sourceTree = "<group>"; };
		4598012C1EFB14230024B41B /* Assets.xcassets */ = {isa = PBXFileReference; lastKnownFileType = folder.assetcatalog; path = Assets.xcassets; sourceTree = "<group>"; };
		4598012F1EFB14230024B41B /* Base */ = {isa = PBXFileReference; lastKnownFileType = file.storyboard; name = Base; path = Base.lproj/LaunchScreen.storyboard; sourceTree = "<group>"; };
		459801311EFB14230024B41B /* Info.plist */ = {isa = PBXFileReference; lastKnownFileType = text.plist.xml; path = Info.plist; sourceTree = "<group>"; };
		45A3E9B41F03372500B8720F /* SetUserProfileViewController.swift */ = {isa = PBXFileReference; fileEncoding = 4; lastKnownFileType = sourcecode.swift; path = SetUserProfileViewController.swift; sourceTree = "<group>"; };
		45A806411EFB4F46007ADA1C /* GoogleService-Info.plist */ = {isa = PBXFileReference; fileEncoding = 4; lastKnownFileType = text.plist.xml; path = "GoogleService-Info.plist"; sourceTree = "<group>"; };
		45B354F41F0DE07100C383B6 /* Ingredient.swift */ = {isa = PBXFileReference; fileEncoding = 4; lastKnownFileType = sourcecode.swift; path = Ingredient.swift; sourceTree = "<group>"; };
		45B354F61F0DE11D00C383B6 /* MealList.swift */ = {isa = PBXFileReference; fileEncoding = 4; lastKnownFileType = sourcecode.swift; path = MealList.swift; sourceTree = "<group>"; };
		45C455361EFC9C2700497005 /* SetGoalViewController.swift */ = {isa = PBXFileReference; fileEncoding = 4; lastKnownFileType = sourcecode.swift; path = SetGoalViewController.swift; sourceTree = "<group>"; };
		45C455381EFC9E7200497005 /* SetGoalCell.swift */ = {isa = PBXFileReference; fileEncoding = 4; lastKnownFileType = sourcecode.swift; path = SetGoalCell.swift; sourceTree = "<group>"; };
		45D87CB81F0848B900E5795E /* AddMealViewController.swift */ = {isa = PBXFileReference; fileEncoding = 4; lastKnownFileType = sourcecode.swift; path = AddMealViewController.swift; sourceTree = "<group>"; };
		45D87CBA1F084EFB00E5795E /* IngredientCell.swift */ = {isa = PBXFileReference; fileEncoding = 4; lastKnownFileType = sourcecode.swift; path = IngredientCell.swift; sourceTree = "<group>"; };
		45D87CBC1F08766A00E5795E /* UIViewUtils.swift */ = {isa = PBXFileReference; fileEncoding = 4; lastKnownFileType = sourcecode.swift; path = UIViewUtils.swift; sourceTree = "<group>"; };
		45D87CBE1F08845D00E5795E /* User.swift */ = {isa = PBXFileReference; fileEncoding = 4; lastKnownFileType = sourcecode.swift; path = User.swift; sourceTree = "<group>"; };
		45FD876B1EFEE4A60016088C /* ProfileViewController.swift */ = {isa = PBXFileReference; fileEncoding = 4; lastKnownFileType = sourcecode.swift; path = ProfileViewController.swift; sourceTree = "<group>"; };
		45FF60621F0AF8F60069DB9E /* Utils.swift */ = {isa = PBXFileReference; fileEncoding = 4; lastKnownFileType = sourcecode.swift; path = Utils.swift; sourceTree = "<group>"; };
		7A6C6E74BA9D0BD091DE0142 /* Pods-FitCal.release.xcconfig */ = {isa = PBXFileReference; includeInIndex = 1; lastKnownFileType = text.xcconfig; name = "Pods-FitCal.release.xcconfig"; path = "Pods/Target Support Files/Pods-FitCal/Pods-FitCal.release.xcconfig"; sourceTree = "<group>"; };
		8553C21299E38F0DCAAD0765 /* Pods-FitCal.debug.xcconfig */ = {isa = PBXFileReference; includeInIndex = 1; lastKnownFileType = text.xcconfig; name = "Pods-FitCal.debug.xcconfig"; path = "Pods/Target Support Files/Pods-FitCal/Pods-FitCal.debug.xcconfig"; sourceTree = "<group>"; };
		92A3F94BE643FE4A4175FB27 /* Pods_FitCal.framework */ = {isa = PBXFileReference; explicitFileType = wrapper.framework; includeInIndex = 0; path = Pods_FitCal.framework; sourceTree = BUILT_PRODUCTS_DIR; };
/* End PBXFileReference section */

/* Begin PBXFrameworksBuildPhase section */
		4598011F1EFB14230024B41B /* Frameworks */ = {
			isa = PBXFrameworksBuildPhase;
			buildActionMask = 2147483647;
			files = (
				F0536901A3C014E5B3428475 /* Pods_FitCal.framework in Frameworks */,
			);
			runOnlyForDeploymentPostprocessing = 0;
		};
/* End PBXFrameworksBuildPhase section */

/* Begin PBXGroup section */
		020DF1CE281AE5B6F8D075B8 /* Frameworks */ = {
			isa = PBXGroup;
			children = (
				92A3F94BE643FE4A4175FB27 /* Pods_FitCal.framework */,
			);
			name = Frameworks;
			sourceTree = "<group>";
		};
		453C4BCB1EFB15AE00FF4616 /* Model */ = {
			isa = PBXGroup;
			children = (
				45267B781EFC8F180025E5AF /* Meal.swift */,
				45267B7A1EFC90D90025E5AF /* MealManager.swift */,
				4521A5111EFDB7940079662E /* Settings.swift */,
				45D87CBE1F08845D00E5795E /* User.swift */,
				45B354F41F0DE07100C383B6 /* Ingredient.swift */,
				45B354F61F0DE11D00C383B6 /* MealList.swift */,
			);
			name = Model;
			sourceTree = "<group>";
		};
		453C4BCC1EFB15B900FF4616 /* View */ = {
			isa = PBXGroup;
			children = (
				45267B741EFC8CFB0025E5AF /* DailyListCell.swift */,
				45C455381EFC9E7200497005 /* SetGoalCell.swift */,
				4521A5151EFDBA9A0079662E /* SetActivityLevelCell.swift */,
				45D87CBA1F084EFB00E5795E /* IngredientCell.swift */,
				455A0B8C1F16E832005BF6FD /* HistoricMealCell.swift */,
			);
			name = View;
			sourceTree = "<group>";
		};
		453C4BCD1EFB15BF00FF4616 /* Controller */ = {
			isa = PBXGroup;
			children = (
				455A0B8E1F16EAFA005BF6FD /* Historic */,
				454CD6961F114B65006933DB /* Profile */,
				455B0BF31F09D21D009291FB /* SignIn */,
				45D87CB71F08481500E5795E /* Daily List */,
				45A3E9B61F033A8F00B8720F /* SignUp */,
			);
			name = Controller;
			sourceTree = "<group>";
		};
		453C4BD01EFB1A1D00FF4616 /* Fonts */ = {
			isa = PBXGroup;
			children = (
				453C4BD11EFB1A2E00FF4616 /* fontawesome-webfont.ttf */,
			);
			name = Fonts;
			sourceTree = "<group>";
		};
		453C4BD51EFB443500FF4616 /* Utils */ = {
			isa = PBXGroup;
			children = (
				4524F92C1F0482770012B568 /* CaloriesUtils.swift */,
				45D87CBC1F08766A00E5795E /* UIViewUtils.swift */,
				45FF60621F0AF8F60069DB9E /* Utils.swift */,
				457E4D141F0C8BDD00B5A111 /* UIViewControllerUtils.swift */,
			);
			name = Utils;
			sourceTree = "<group>";
		};
		454CD6961F114B65006933DB /* Profile */ = {
			isa = PBXGroup;
			children = (
				45FD876B1EFEE4A60016088C /* ProfileViewController.swift */,
			);
			name = Profile;
			sourceTree = "<group>";
		};
		455A0B8E1F16EAFA005BF6FD /* Historic */ = {
			isa = PBXGroup;
			children = (
				455A0B8F1F16EB27005BF6FD /* HistoricViewController.swift */,
			);
			name = Historic;
			sourceTree = "<group>";
		};
		455B0BF31F09D21D009291FB /* SignIn */ = {
			isa = PBXGroup;
			children = (
				453C4BCE1EFB16C900FF4616 /* LogInViewController.swift */,
			);
			name = SignIn;
			sourceTree = "<group>";
		};
		459801191EFB14230024B41B = {
			isa = PBXGroup;
			children = (
				459801241EFB14230024B41B /* FitCal */,
				459801231EFB14230024B41B /* Products */,
				8930662BAB6FDCBEF8BB8236 /* Pods */,
				020DF1CE281AE5B6F8D075B8 /* Frameworks */,
			);
			sourceTree = "<group>";
		};
		459801231EFB14230024B41B /* Products */ = {
			isa = PBXGroup;
			children = (
				459801221EFB14230024B41B /* FitCal.app */,
			);
			name = Products;
			sourceTree = "<group>";
		};
		459801241EFB14230024B41B /* FitCal */ = {
			isa = PBXGroup;
			children = (
				45A806411EFB4F46007ADA1C /* GoogleService-Info.plist */,
				453C4BD51EFB443500FF4616 /* Utils */,
				453C4BD01EFB1A1D00FF4616 /* Fonts */,
				453C4BCD1EFB15BF00FF4616 /* Controller */,
				453C4BCC1EFB15B900FF4616 /* View */,
				453C4BCB1EFB15AE00FF4616 /* Model */,
				459801251EFB14230024B41B /* AppDelegate.swift */,
				459801271EFB14230024B41B /* ViewController.swift */,
				459801291EFB14230024B41B /* Main.storyboard */,
				4598012C1EFB14230024B41B /* Assets.xcassets */,
				4598012E1EFB14230024B41B /* LaunchScreen.storyboard */,
				459801311EFB14230024B41B /* Info.plist */,
			);
			path = FitCal;
			sourceTree = "<group>";
		};
		45A3E9B61F033A8F00B8720F /* SignUp */ = {
			isa = PBXGroup;
			children = (
				453C4BD31EFB427100FF4616 /* SignUpViewController.swift */,
				45C455361EFC9C2700497005 /* SetGoalViewController.swift */,
				4521A5131EFDB82A0079662E /* SetActivityLevelViewController.swift */,
				4521A5171EFDCBF90079662E /* SetUserInfoViewController.swift */,
				45A3E9B41F03372500B8720F /* SetUserProfileViewController.swift */,
			);
			name = SignUp;
			sourceTree = "<group>";
		};
		45D87CB71F08481500E5795E /* Daily List */ = {
			isa = PBXGroup;
			children = (
				45267B761EFC8E2F0025E5AF /* DailyListViewController.swift */,
				45D87CB81F0848B900E5795E /* AddMealViewController.swift */,
			);
			name = "Daily List";
			sourceTree = "<group>";
		};
		8930662BAB6FDCBEF8BB8236 /* Pods */ = {
			isa = PBXGroup;
			children = (
				8553C21299E38F0DCAAD0765 /* Pods-FitCal.debug.xcconfig */,
				7A6C6E74BA9D0BD091DE0142 /* Pods-FitCal.release.xcconfig */,
			);
			name = Pods;
			sourceTree = "<group>";
		};
/* End PBXGroup section */

/* Begin PBXNativeTarget section */
		459801211EFB14230024B41B /* FitCal */ = {
			isa = PBXNativeTarget;
			buildConfigurationList = 459801341EFB14230024B41B /* Build configuration list for PBXNativeTarget "FitCal" */;
			buildPhases = (
				0D8757C69B754F83FE2250AB /* [CP] Check Pods Manifest.lock */,
				4598011E1EFB14230024B41B /* Sources */,
				4598011F1EFB14230024B41B /* Frameworks */,
				459801201EFB14230024B41B /* Resources */,
				B46F042E7C74FA11DD1765F1 /* [CP] Embed Pods Frameworks */,
				BE0A476B0581678BCD9C9FB2 /* [CP] Copy Pods Resources */,
			);
			buildRules = (
			);
			dependencies = (
			);
			name = FitCal;
			productName = FitCal;
			productReference = 459801221EFB14230024B41B /* FitCal.app */;
			productType = "com.apple.product-type.application";
		};
/* End PBXNativeTarget section */

/* Begin PBXProject section */
		4598011A1EFB14230024B41B /* Project object */ = {
			isa = PBXProject;
			attributes = {
				LastSwiftUpdateCheck = 0830;
				LastUpgradeCheck = 0830;
				ORGANIZATIONNAME = "Bruno Lorenzo";
				TargetAttributes = {
					459801211EFB14230024B41B = {
						CreatedOnToolsVersion = 8.3.3;
						DevelopmentTeam = H528SH9ZL6;
						ProvisioningStyle = Automatic;
					};
				};
			};
			buildConfigurationList = 4598011D1EFB14230024B41B /* Build configuration list for PBXProject "FitCal" */;
			compatibilityVersion = "Xcode 3.2";
			developmentRegion = English;
			hasScannedForEncodings = 0;
			knownRegions = (
				en,
				Base,
			);
			mainGroup = 459801191EFB14230024B41B;
			productRefGroup = 459801231EFB14230024B41B /* Products */;
			projectDirPath = "";
			projectRoot = "";
			targets = (
				459801211EFB14230024B41B /* FitCal */,
			);
		};
/* End PBXProject section */

/* Begin PBXResourcesBuildPhase section */
		459801201EFB14230024B41B /* Resources */ = {
			isa = PBXResourcesBuildPhase;
			buildActionMask = 2147483647;
			files = (
				459801301EFB14230024B41B /* LaunchScreen.storyboard in Resources */,
				453C4BD21EFB1A2E00FF4616 /* fontawesome-webfont.ttf in Resources */,
				45A806421EFB4F46007ADA1C /* GoogleService-Info.plist in Resources */,
				4598012D1EFB14230024B41B /* Assets.xcassets in Resources */,
				4598012B1EFB14230024B41B /* Main.storyboard in Resources */,
			);
			runOnlyForDeploymentPostprocessing = 0;
		};
/* End PBXResourcesBuildPhase section */

/* Begin PBXShellScriptBuildPhase section */
		0D8757C69B754F83FE2250AB /* [CP] Check Pods Manifest.lock */ = {
			isa = PBXShellScriptBuildPhase;
			buildActionMask = 2147483647;
			files = (
			);
			inputPaths = (
			);
			name = "[CP] Check Pods Manifest.lock";
			outputPaths = (
			);
			runOnlyForDeploymentPostprocessing = 0;
			shellPath = /bin/sh;
			shellScript = "diff \"${PODS_PODFILE_DIR_PATH}/Podfile.lock\" \"${PODS_ROOT}/Manifest.lock\" > /dev/null\nif [ $? != 0 ] ; then\n    # print error to STDERR\n    echo \"error: The sandbox is not in sync with the Podfile.lock. Run 'pod install' or update your CocoaPods installation.\" >&2\n    exit 1\nfi\n";
			showEnvVarsInLog = 0;
		};
		B46F042E7C74FA11DD1765F1 /* [CP] Embed Pods Frameworks */ = {
			isa = PBXShellScriptBuildPhase;
			buildActionMask = 2147483647;
			files = (
			);
			inputPaths = (
			);
			name = "[CP] Embed Pods Frameworks";
			outputPaths = (
			);
			runOnlyForDeploymentPostprocessing = 0;
			shellPath = /bin/sh;
			shellScript = "\"${SRCROOT}/Pods/Target Support Files/Pods-FitCal/Pods-FitCal-frameworks.sh\"\n";
			showEnvVarsInLog = 0;
		};
		BE0A476B0581678BCD9C9FB2 /* [CP] Copy Pods Resources */ = {
			isa = PBXShellScriptBuildPhase;
			buildActionMask = 2147483647;
			files = (
			);
			inputPaths = (
			);
			name = "[CP] Copy Pods Resources";
			outputPaths = (
			);
			runOnlyForDeploymentPostprocessing = 0;
			shellPath = /bin/sh;
			shellScript = "\"${SRCROOT}/Pods/Target Support Files/Pods-FitCal/Pods-FitCal-resources.sh\"\n";
			showEnvVarsInLog = 0;
		};
/* End PBXShellScriptBuildPhase section */

/* Begin PBXSourcesBuildPhase section */
		4598011E1EFB14230024B41B /* Sources */ = {
			isa = PBXSourcesBuildPhase;
			buildActionMask = 2147483647;
			files = (
				45B354F71F0DE11D00C383B6 /* MealList.swift in Sources */,
				45D87CBB1F084EFB00E5795E /* IngredientCell.swift in Sources */,
				45267B771EFC8E2F0025E5AF /* DailyListViewController.swift in Sources */,
				455A0B901F16EB27005BF6FD /* HistoricViewController.swift in Sources */,
				45C455391EFC9E7200497005 /* SetGoalCell.swift in Sources */,
				45D87CB91F0848B900E5795E /* AddMealViewController.swift in Sources */,
				4521A5181EFDCBF90079662E /* SetUserInfoViewController.swift in Sources */,
				459801281EFB14230024B41B /* ViewController.swift in Sources */,
				4521A5141EFDB82A0079662E /* SetActivityLevelViewController.swift in Sources */,
				4524F92D1F0482770012B568 /* CaloriesUtils.swift in Sources */,
				45267B791EFC8F180025E5AF /* Meal.swift in Sources */,
				45FD876C1EFEE4A60016088C /* ProfileViewController.swift in Sources */,
				45D87CBF1F08845D00E5795E /* User.swift in Sources */,
				459801261EFB14230024B41B /* AppDelegate.swift in Sources */,
				45B354F51F0DE07100C383B6 /* Ingredient.swift in Sources */,
				457E4D151F0C8BDD00B5A111 /* UIViewControllerUtils.swift in Sources */,
				45267B751EFC8CFB0025E5AF /* DailyListCell.swift in Sources */,
				453C4BD41EFB427100FF4616 /* SignUpViewController.swift in Sources */,
				4521A5161EFDBA9A0079662E /* SetActivityLevelCell.swift in Sources */,
				45FF60631F0AF8F60069DB9E /* Utils.swift in Sources */,
				45267B7B1EFC90D90025E5AF /* MealManager.swift in Sources */,
				45A3E9B51F03372500B8720F /* SetUserProfileViewController.swift in Sources */,
				45D87CBD1F08766A00E5795E /* UIViewUtils.swift in Sources */,
				45C455371EFC9C2700497005 /* SetGoalViewController.swift in Sources */,
				4521A5121EFDB7940079662E /* Settings.swift in Sources */,
				453C4BCF1EFB16C900FF4616 /* LogInViewController.swift in Sources */,
				455A0B8D1F16E832005BF6FD /* HistoricMealCell.swift in Sources */,
			);
			runOnlyForDeploymentPostprocessing = 0;
		};
/* End PBXSourcesBuildPhase section */

/* Begin PBXVariantGroup section */
		459801291EFB14230024B41B /* Main.storyboard */ = {
			isa = PBXVariantGroup;
			children = (
				4598012A1EFB14230024B41B /* Base */,
			);
			name = Main.storyboard;
			sourceTree = "<group>";
		};
		4598012E1EFB14230024B41B /* LaunchScreen.storyboard */ = {
			isa = PBXVariantGroup;
			children = (
				4598012F1EFB14230024B41B /* Base */,
			);
			name = LaunchScreen.storyboard;
			sourceTree = "<group>";
		};
/* End PBXVariantGroup section */

/* Begin XCBuildConfiguration section */
		459801321EFB14230024B41B /* Debug */ = {
			isa = XCBuildConfiguration;
			buildSettings = {
				ALWAYS_SEARCH_USER_PATHS = NO;
				CLANG_ANALYZER_NONNULL = YES;
				CLANG_ANALYZER_NUMBER_OBJECT_CONVERSION = YES_AGGRESSIVE;
				CLANG_CXX_LANGUAGE_STANDARD = "gnu++0x";
				CLANG_CXX_LIBRARY = "libc++";
				CLANG_ENABLE_MODULES = YES;
				CLANG_ENABLE_OBJC_ARC = YES;
				CLANG_WARN_BOOL_CONVERSION = YES;
				CLANG_WARN_CONSTANT_CONVERSION = YES;
				CLANG_WARN_DIRECT_OBJC_ISA_USAGE = YES_ERROR;
				CLANG_WARN_DOCUMENTATION_COMMENTS = YES;
				CLANG_WARN_EMPTY_BODY = YES;
				CLANG_WARN_ENUM_CONVERSION = YES;
				CLANG_WARN_INFINITE_RECURSION = YES;
				CLANG_WARN_INT_CONVERSION = YES;
				CLANG_WARN_OBJC_ROOT_CLASS = YES_ERROR;
				CLANG_WARN_SUSPICIOUS_MOVE = YES;
				CLANG_WARN_UNREACHABLE_CODE = YES;
				CLANG_WARN__DUPLICATE_METHOD_MATCH = YES;
				"CODE_SIGN_IDENTITY[sdk=iphoneos*]" = "iPhone Developer";
				COPY_PHASE_STRIP = NO;
				DEBUG_INFORMATION_FORMAT = dwarf;
				ENABLE_STRICT_OBJC_MSGSEND = YES;
				ENABLE_TESTABILITY = YES;
				GCC_C_LANGUAGE_STANDARD = gnu99;
				GCC_DYNAMIC_NO_PIC = NO;
				GCC_NO_COMMON_BLOCKS = YES;
				GCC_OPTIMIZATION_LEVEL = 0;
				GCC_PREPROCESSOR_DEFINITIONS = (
					"DEBUG=1",
					"$(inherited)",
				);
				GCC_WARN_64_TO_32_BIT_CONVERSION = YES;
				GCC_WARN_ABOUT_RETURN_TYPE = YES_ERROR;
				GCC_WARN_UNDECLARED_SELECTOR = YES;
				GCC_WARN_UNINITIALIZED_AUTOS = YES_AGGRESSIVE;
				GCC_WARN_UNUSED_FUNCTION = YES;
				GCC_WARN_UNUSED_VARIABLE = YES;
				IPHONEOS_DEPLOYMENT_TARGET = 10.3;
				MTL_ENABLE_DEBUG_INFO = YES;
				ONLY_ACTIVE_ARCH = YES;
				SDKROOT = iphoneos;
				SWIFT_ACTIVE_COMPILATION_CONDITIONS = DEBUG;
				SWIFT_OPTIMIZATION_LEVEL = "-Onone";
			};
			name = Debug;
		};
		459801331EFB14230024B41B /* Release */ = {
			isa = XCBuildConfiguration;
			buildSettings = {
				ALWAYS_SEARCH_USER_PATHS = NO;
				CLANG_ANALYZER_NONNULL = YES;
				CLANG_ANALYZER_NUMBER_OBJECT_CONVERSION = YES_AGGRESSIVE;
				CLANG_CXX_LANGUAGE_STANDARD = "gnu++0x";
				CLANG_CXX_LIBRARY = "libc++";
				CLANG_ENABLE_MODULES = YES;
				CLANG_ENABLE_OBJC_ARC = YES;
				CLANG_WARN_BOOL_CONVERSION = YES;
				CLANG_WARN_CONSTANT_CONVERSION = YES;
				CLANG_WARN_DIRECT_OBJC_ISA_USAGE = YES_ERROR;
				CLANG_WARN_DOCUMENTATION_COMMENTS = YES;
				CLANG_WARN_EMPTY_BODY = YES;
				CLANG_WARN_ENUM_CONVERSION = YES;
				CLANG_WARN_INFINITE_RECURSION = YES;
				CLANG_WARN_INT_CONVERSION = YES;
				CLANG_WARN_OBJC_ROOT_CLASS = YES_ERROR;
				CLANG_WARN_SUSPICIOUS_MOVE = YES;
				CLANG_WARN_UNREACHABLE_CODE = YES;
				CLANG_WARN__DUPLICATE_METHOD_MATCH = YES;
				"CODE_SIGN_IDENTITY[sdk=iphoneos*]" = "iPhone Developer";
				COPY_PHASE_STRIP = NO;
				DEBUG_INFORMATION_FORMAT = "dwarf-with-dsym";
				ENABLE_NS_ASSERTIONS = NO;
				ENABLE_STRICT_OBJC_MSGSEND = YES;
				GCC_C_LANGUAGE_STANDARD = gnu99;
				GCC_NO_COMMON_BLOCKS = YES;
				GCC_WARN_64_TO_32_BIT_CONVERSION = YES;
				GCC_WARN_ABOUT_RETURN_TYPE = YES_ERROR;
				GCC_WARN_UNDECLARED_SELECTOR = YES;
				GCC_WARN_UNINITIALIZED_AUTOS = YES_AGGRESSIVE;
				GCC_WARN_UNUSED_FUNCTION = YES;
				GCC_WARN_UNUSED_VARIABLE = YES;
				IPHONEOS_DEPLOYMENT_TARGET = 10.3;
				MTL_ENABLE_DEBUG_INFO = NO;
				SDKROOT = iphoneos;
				SWIFT_OPTIMIZATION_LEVEL = "-Owholemodule";
				VALIDATE_PRODUCT = YES;
			};
			name = Release;
		};
		459801351EFB14230024B41B /* Debug */ = {
			isa = XCBuildConfiguration;
			baseConfigurationReference = 8553C21299E38F0DCAAD0765 /* Pods-FitCal.debug.xcconfig */;
			buildSettings = {
				ASSETCATALOG_COMPILER_APPICON_NAME = AppIcon;
				DEVELOPMENT_TEAM = H528SH9ZL6;
				INFOPLIST_FILE = FitCal/Info.plist;
				LD_RUNPATH_SEARCH_PATHS = "$(inherited) @executable_path/Frameworks";
				PRODUCT_BUNDLE_IDENTIFIER = com.blorenzo.FitCal;
				PRODUCT_NAME = "$(TARGET_NAME)";
				SWIFT_VERSION = 3.0;
			};
			name = Debug;
		};
		459801361EFB14230024B41B /* Release */ = {
			isa = XCBuildConfiguration;
			baseConfigurationReference = 7A6C6E74BA9D0BD091DE0142 /* Pods-FitCal.release.xcconfig */;
			buildSettings = {
				ASSETCATALOG_COMPILER_APPICON_NAME = AppIcon;
				DEVELOPMENT_TEAM = H528SH9ZL6;
				INFOPLIST_FILE = FitCal/Info.plist;
				LD_RUNPATH_SEARCH_PATHS = "$(inherited) @executable_path/Frameworks";
				PRODUCT_BUNDLE_IDENTIFIER = com.blorenzo.FitCal;
				PRODUCT_NAME = "$(TARGET_NAME)";
				SWIFT_VERSION = 3.0;
			};
			name = Release;
		};
/* End XCBuildConfiguration section */

/* Begin XCConfigurationList section */
		4598011D1EFB14230024B41B /* Build configuration list for PBXProject "FitCal" */ = {
			isa = XCConfigurationList;
			buildConfigurations = (
				459801321EFB14230024B41B /* Debug */,
				459801331EFB14230024B41B /* Release */,
			);
			defaultConfigurationIsVisible = 0;
			defaultConfigurationName = Release;
		};
		459801341EFB14230024B41B /* Build configuration list for PBXNativeTarget "FitCal" */ = {
			isa = XCConfigurationList;
			buildConfigurations = (
				459801351EFB14230024B41B /* Debug */,
				459801361EFB14230024B41B /* Release */,
			);
			defaultConfigurationIsVisible = 0;
			defaultConfigurationName = Release;
		};
/* End XCConfigurationList section */
	};
	rootObject = 4598011A1EFB14230024B41B /* Project object */;
}
